// !$*UTF8*$!
{
	archiveVersion = 1;
	classes = {
	};
	objectVersion = 55;
	objects = {

/* Begin PBXBuildFile section */
		A084E8F62857665A0045414B /* Tests_iOS.swift in Sources */ = {isa = PBXBuildFile; fileRef = A084E8F52857665A0045414B /* Tests_iOS.swift */; };
		A084E8F82857665A0045414B /* Tests_iOSLaunchTests.swift in Sources */ = {isa = PBXBuildFile; fileRef = A084E8F72857665A0045414B /* Tests_iOSLaunchTests.swift */; };
		A084E9022857665A0045414B /* Tests_macOS.swift in Sources */ = {isa = PBXBuildFile; fileRef = A084E9012857665A0045414B /* Tests_macOS.swift */; };
		A084E9042857665A0045414B /* Tests_macOSLaunchTests.swift in Sources */ = {isa = PBXBuildFile; fileRef = A084E9032857665A0045414B /* Tests_macOSLaunchTests.swift */; };
		A084E9052857665A0045414B /* Flashcards.xcdatamodeld in Sources */ = {isa = PBXBuildFile; fileRef = A084E8DA285766580045414B /* Flashcards.xcdatamodeld */; };
		A084E9062857665A0045414B /* Flashcards.xcdatamodeld in Sources */ = {isa = PBXBuildFile; fileRef = A084E8DA285766580045414B /* Flashcards.xcdatamodeld */; };
		A084E9072857665A0045414B /* FlashcardsApp.swift in Sources */ = {isa = PBXBuildFile; fileRef = A084E8DC285766580045414B /* FlashcardsApp.swift */; };
		A084E9082857665A0045414B /* FlashcardsApp.swift in Sources */ = {isa = PBXBuildFile; fileRef = A084E8DC285766580045414B /* FlashcardsApp.swift */; };
		A084E9092857665A0045414B /* ContentView.swift in Sources */ = {isa = PBXBuildFile; fileRef = A084E8DD285766580045414B /* ContentView.swift */; };
		A084E90A2857665A0045414B /* ContentView.swift in Sources */ = {isa = PBXBuildFile; fileRef = A084E8DD285766580045414B /* ContentView.swift */; };
		A084E90B2857665A0045414B /* Persistence.swift in Sources */ = {isa = PBXBuildFile; fileRef = A084E8DE285766580045414B /* Persistence.swift */; };
		A084E90C2857665A0045414B /* Persistence.swift in Sources */ = {isa = PBXBuildFile; fileRef = A084E8DE285766580045414B /* Persistence.swift */; };
		A084E90D2857665A0045414B /* Assets.xcassets in Resources */ = {isa = PBXBuildFile; fileRef = A084E8DF2857665A0045414B /* Assets.xcassets */; };
		A084E90E2857665A0045414B /* Assets.xcassets in Resources */ = {isa = PBXBuildFile; fileRef = A084E8DF2857665A0045414B /* Assets.xcassets */; };
		D410A9A1286097AD00C1E939 /* StartPage.swift in Sources */ = {isa = PBXBuildFile; fileRef = D410A9A0286097AD00C1E939 /* StartPage.swift */; };
		D410A9A328609A7F00C1E939 /* Footer.swift in Sources */ = {isa = PBXBuildFile; fileRef = D410A9A228609A7F00C1E939 /* Footer.swift */; };
		D41C685228608AF100FF0E78 /* Extensions.swift in Sources */ = {isa = PBXBuildFile; fileRef = D41C685128608AF100FF0E78 /* Extensions.swift */; };
		D41C685328608AF100FF0E78 /* Extensions.swift in Sources */ = {isa = PBXBuildFile; fileRef = D41C685128608AF100FF0E78 /* Extensions.swift */; };
		D47CDB5A2861CB560073BEEF /* AddCardsPage.swift in Sources */ = {isa = PBXBuildFile; fileRef = D47CDB592861CB560073BEEF /* AddCardsPage.swift */; };
		D47CDB5C2861CBF60073BEEF /* LearnCardsPage.swift in Sources */ = {isa = PBXBuildFile; fileRef = D47CDB5B2861CBF60073BEEF /* LearnCardsPage.swift */; };
		D4BE11472861EE6A00370EC5 /* DeckCard.swift in Sources */ = {isa = PBXBuildFile; fileRef = D4BE11462861EE6A00370EC5 /* DeckCard.swift */; };
		D4E7BF1D2861E26600EFFDBF /* DotsMenuButton.swift in Sources */ = {isa = PBXBuildFile; fileRef = D4E7BF1C2861E26600EFFDBF /* DotsMenuButton.swift */; };
/* End PBXBuildFile section */

/* Begin PBXContainerItemProxy section */
		A084E8F22857665A0045414B /* PBXContainerItemProxy */ = {
			isa = PBXContainerItemProxy;
			containerPortal = A084E8D5285766580045414B /* Project object */;
			proxyType = 1;
			remoteGlobalIDString = A084E8E32857665A0045414B;
			remoteInfo = "Flashcards (iOS)";
		};
		A084E8FE2857665A0045414B /* PBXContainerItemProxy */ = {
			isa = PBXContainerItemProxy;
			containerPortal = A084E8D5285766580045414B /* Project object */;
			proxyType = 1;
			remoteGlobalIDString = A084E8E92857665A0045414B;
			remoteInfo = "Flashcards (macOS)";
		};
/* End PBXContainerItemProxy section */

/* Begin PBXFileReference section */
		A084E8DB285766580045414B /* Shared.xcdatamodel */ = {isa = PBXFileReference; lastKnownFileType = wrapper.xcdatamodel; path = Shared.xcdatamodel; sourceTree = "<group>"; };
		A084E8DC285766580045414B /* FlashcardsApp.swift */ = {isa = PBXFileReference; lastKnownFileType = sourcecode.swift; path = FlashcardsApp.swift; sourceTree = "<group>"; };
		A084E8DD285766580045414B /* ContentView.swift */ = {isa = PBXFileReference; lastKnownFileType = sourcecode.swift; path = ContentView.swift; sourceTree = "<group>"; };
		A084E8DE285766580045414B /* Persistence.swift */ = {isa = PBXFileReference; lastKnownFileType = sourcecode.swift; path = Persistence.swift; sourceTree = "<group>"; };
		A084E8DF2857665A0045414B /* Assets.xcassets */ = {isa = PBXFileReference; lastKnownFileType = folder.assetcatalog; path = Assets.xcassets; sourceTree = "<group>"; };
		A084E8E42857665A0045414B /* Flashcards.app */ = {isa = PBXFileReference; explicitFileType = wrapper.application; includeInIndex = 0; path = Flashcards.app; sourceTree = BUILT_PRODUCTS_DIR; };
		A084E8EA2857665A0045414B /* Flashcards.app */ = {isa = PBXFileReference; explicitFileType = wrapper.application; includeInIndex = 0; path = Flashcards.app; sourceTree = BUILT_PRODUCTS_DIR; };
		A084E8EC2857665A0045414B /* macOS.entitlements */ = {isa = PBXFileReference; lastKnownFileType = text.plist.entitlements; path = macOS.entitlements; sourceTree = "<group>"; };
		A084E8F12857665A0045414B /* Tests iOS.xctest */ = {isa = PBXFileReference; explicitFileType = wrapper.cfbundle; includeInIndex = 0; path = "Tests iOS.xctest"; sourceTree = BUILT_PRODUCTS_DIR; };
		A084E8F52857665A0045414B /* Tests_iOS.swift */ = {isa = PBXFileReference; lastKnownFileType = sourcecode.swift; path = Tests_iOS.swift; sourceTree = "<group>"; };
		A084E8F72857665A0045414B /* Tests_iOSLaunchTests.swift */ = {isa = PBXFileReference; lastKnownFileType = sourcecode.swift; path = Tests_iOSLaunchTests.swift; sourceTree = "<group>"; };
		A084E8FD2857665A0045414B /* Tests macOS.xctest */ = {isa = PBXFileReference; explicitFileType = wrapper.cfbundle; includeInIndex = 0; path = "Tests macOS.xctest"; sourceTree = BUILT_PRODUCTS_DIR; };
		A084E9012857665A0045414B /* Tests_macOS.swift */ = {isa = PBXFileReference; lastKnownFileType = sourcecode.swift; path = Tests_macOS.swift; sourceTree = "<group>"; };
		A084E9032857665A0045414B /* Tests_macOSLaunchTests.swift */ = {isa = PBXFileReference; lastKnownFileType = sourcecode.swift; path = Tests_macOSLaunchTests.swift; sourceTree = "<group>"; };
		D410A9A0286097AD00C1E939 /* StartPage.swift */ = {isa = PBXFileReference; lastKnownFileType = sourcecode.swift; name = StartPage.swift; path = Shared/Pages/StartPage.swift; sourceTree = SOURCE_ROOT; };
		D410A9A228609A7F00C1E939 /* Footer.swift */ = {isa = PBXFileReference; lastKnownFileType = sourcecode.swift; name = Footer.swift; path = Shared/Components/Footer.swift; sourceTree = SOURCE_ROOT; };
		D41C685128608AF100FF0E78 /* Extensions.swift */ = {isa = PBXFileReference; lastKnownFileType = sourcecode.swift; path = Extensions.swift; sourceTree = "<group>"; };
		D47CDB592861CB560073BEEF /* AddCardsPage.swift */ = {isa = PBXFileReference; lastKnownFileType = sourcecode.swift; name = AddCardsPage.swift; path = Shared/Pages/AddCardsPage.swift; sourceTree = SOURCE_ROOT; };
		D47CDB5B2861CBF60073BEEF /* LearnCardsPage.swift */ = {isa = PBXFileReference; lastKnownFileType = sourcecode.swift; name = LearnCardsPage.swift; path = Shared/Pages/LearnCardsPage.swift; sourceTree = SOURCE_ROOT; };
		D4BE11462861EE6A00370EC5 /* DeckCard.swift */ = {isa = PBXFileReference; lastKnownFileType = sourcecode.swift; name = DeckCard.swift; path = Shared/Components/DeckCard.swift; sourceTree = SOURCE_ROOT; };
		D4E7BF1C2861E26600EFFDBF /* DotsMenuButton.swift */ = {isa = PBXFileReference; lastKnownFileType = sourcecode.swift; name = DotsMenuButton.swift; path = Shared/Components/DotsMenuButton.swift; sourceTree = SOURCE_ROOT; };
/* End PBXFileReference section */

/* Begin PBXFrameworksBuildPhase section */
		A084E8E12857665A0045414B /* Frameworks */ = {
			isa = PBXFrameworksBuildPhase;
			buildActionMask = 2147483647;
			files = (
			);
			runOnlyForDeploymentPostprocessing = 0;
		};
		A084E8E72857665A0045414B /* Frameworks */ = {
			isa = PBXFrameworksBuildPhase;
			buildActionMask = 2147483647;
			files = (
			);
			runOnlyForDeploymentPostprocessing = 0;
		};
		A084E8EE2857665A0045414B /* Frameworks */ = {
			isa = PBXFrameworksBuildPhase;
			buildActionMask = 2147483647;
			files = (
			);
			runOnlyForDeploymentPostprocessing = 0;
		};
		A084E8FA2857665A0045414B /* Frameworks */ = {
			isa = PBXFrameworksBuildPhase;
			buildActionMask = 2147483647;
			files = (
			);
			runOnlyForDeploymentPostprocessing = 0;
		};
/* End PBXFrameworksBuildPhase section */

/* Begin PBXGroup section */
		A084E8D4285766580045414B = {
			isa = PBXGroup;
			children = (
				A084E8D9285766580045414B /* Shared */,
				A084E8EB2857665A0045414B /* macOS */,
				A084E8F42857665A0045414B /* Tests iOS */,
				A084E9002857665A0045414B /* Tests macOS */,
				A084E8E52857665A0045414B /* Products */,
			);
			sourceTree = "<group>";
		};
		A084E8D9285766580045414B /* Shared */ = {
			isa = PBXGroup;
			children = (
				D4365A892862113E000E0623 /* Components */,
				D4365A8828621120000E0623 /* Pages */,
				A084E8DC285766580045414B /* FlashcardsApp.swift */,
				A084E8DD285766580045414B /* ContentView.swift */,
				A084E8DE285766580045414B /* Persistence.swift */,
				A084E8DF2857665A0045414B /* Assets.xcassets */,
				A084E8DA285766580045414B /* Flashcards.xcdatamodeld */,
				D41C685128608AF100FF0E78 /* Extensions.swift */,
			);
			path = Shared;
			sourceTree = "<group>";
		};
		A084E8E52857665A0045414B /* Products */ = {
			isa = PBXGroup;
			children = (
				A084E8E42857665A0045414B /* Flashcards.app */,
				A084E8EA2857665A0045414B /* Flashcards.app */,
				A084E8F12857665A0045414B /* Tests iOS.xctest */,
				A084E8FD2857665A0045414B /* Tests macOS.xctest */,
			);
			name = Products;
			sourceTree = "<group>";
		};
		A084E8EB2857665A0045414B /* macOS */ = {
			isa = PBXGroup;
			children = (
				A084E8EC2857665A0045414B /* macOS.entitlements */,
			);
			path = macOS;
			sourceTree = "<group>";
		};
		A084E8F42857665A0045414B /* Tests iOS */ = {
			isa = PBXGroup;
			children = (
				A084E8F52857665A0045414B /* Tests_iOS.swift */,
				A084E8F72857665A0045414B /* Tests_iOSLaunchTests.swift */,
			);
			path = "Tests iOS";
			sourceTree = "<group>";
		};
		A084E9002857665A0045414B /* Tests macOS */ = {
			isa = PBXGroup;
			children = (
				A084E9012857665A0045414B /* Tests_macOS.swift */,
				A084E9032857665A0045414B /* Tests_macOSLaunchTests.swift */,
			);
			path = "Tests macOS";
			sourceTree = "<group>";
		};
		D4365A8828621120000E0623 /* Pages */ = {
			isa = PBXGroup;
			children = (
				D410A9A0286097AD00C1E939 /* StartPage.swift */,
				D47CDB592861CB560073BEEF /* AddCardsPage.swift */,
				D47CDB5B2861CBF60073BEEF /* LearnCardsPage.swift */,
			);
			path = Pages;
			sourceTree = "<group>";
		};
		D4365A892862113E000E0623 /* Components */ = {
			isa = PBXGroup;
			children = (
				D410A9A228609A7F00C1E939 /* Footer.swift */,
				D4E7BF1C2861E26600EFFDBF /* DotsMenuButton.swift */,
				D4BE11462861EE6A00370EC5 /* DeckCard.swift */,
			);
			path = Components;
			sourceTree = "<group>";
		};
/* End PBXGroup section */

/* Begin PBXNativeTarget section */
		A084E8E32857665A0045414B /* Flashcards (iOS) */ = {
			isa = PBXNativeTarget;
			buildConfigurationList = A084E9112857665A0045414B /* Build configuration list for PBXNativeTarget "Flashcards (iOS)" */;
			buildPhases = (
				A084E8E02857665A0045414B /* Sources */,
				A084E8E12857665A0045414B /* Frameworks */,
				A084E8E22857665A0045414B /* Resources */,
			);
			buildRules = (
			);
			dependencies = (
			);
			name = "Flashcards (iOS)";
			productName = "Flashcards (iOS)";
			productReference = A084E8E42857665A0045414B /* Flashcards.app */;
			productType = "com.apple.product-type.application";
		};
		A084E8E92857665A0045414B /* Flashcards (macOS) */ = {
			isa = PBXNativeTarget;
			buildConfigurationList = A084E9142857665A0045414B /* Build configuration list for PBXNativeTarget "Flashcards (macOS)" */;
			buildPhases = (
				A084E8E62857665A0045414B /* Sources */,
				A084E8E72857665A0045414B /* Frameworks */,
				A084E8E82857665A0045414B /* Resources */,
			);
			buildRules = (
			);
			dependencies = (
			);
			name = "Flashcards (macOS)";
			productName = "Flashcards (macOS)";
			productReference = A084E8EA2857665A0045414B /* Flashcards.app */;
			productType = "com.apple.product-type.application";
		};
		A084E8F02857665A0045414B /* Tests iOS */ = {
			isa = PBXNativeTarget;
			buildConfigurationList = A084E9172857665A0045414B /* Build configuration list for PBXNativeTarget "Tests iOS" */;
			buildPhases = (
				A084E8ED2857665A0045414B /* Sources */,
				A084E8EE2857665A0045414B /* Frameworks */,
				A084E8EF2857665A0045414B /* Resources */,
			);
			buildRules = (
			);
			dependencies = (
				A084E8F32857665A0045414B /* PBXTargetDependency */,
			);
			name = "Tests iOS";
			productName = "Tests iOS";
			productReference = A084E8F12857665A0045414B /* Tests iOS.xctest */;
			productType = "com.apple.product-type.bundle.ui-testing";
		};
		A084E8FC2857665A0045414B /* Tests macOS */ = {
			isa = PBXNativeTarget;
			buildConfigurationList = A084E91A2857665A0045414B /* Build configuration list for PBXNativeTarget "Tests macOS" */;
			buildPhases = (
				A084E8F92857665A0045414B /* Sources */,
				A084E8FA2857665A0045414B /* Frameworks */,
				A084E8FB2857665A0045414B /* Resources */,
			);
			buildRules = (
			);
			dependencies = (
				A084E8FF2857665A0045414B /* PBXTargetDependency */,
			);
			name = "Tests macOS";
			productName = "Tests macOS";
			productReference = A084E8FD2857665A0045414B /* Tests macOS.xctest */;
			productType = "com.apple.product-type.bundle.ui-testing";
		};
/* End PBXNativeTarget section */

/* Begin PBXProject section */
		A084E8D5285766580045414B /* Project object */ = {
			isa = PBXProject;
			attributes = {
				BuildIndependentTargetsInParallel = 1;
				LastSwiftUpdateCheck = 1330;
				LastUpgradeCheck = 1330;
				TargetAttributes = {
					A084E8E32857665A0045414B = {
						CreatedOnToolsVersion = 13.3.1;
					};
					A084E8E92857665A0045414B = {
						CreatedOnToolsVersion = 13.3.1;
					};
					A084E8F02857665A0045414B = {
						CreatedOnToolsVersion = 13.3.1;
						TestTargetID = A084E8E32857665A0045414B;
					};
					A084E8FC2857665A0045414B = {
						CreatedOnToolsVersion = 13.3.1;
						TestTargetID = A084E8E92857665A0045414B;
					};
				};
			};
			buildConfigurationList = A084E8D8285766580045414B /* Build configuration list for PBXProject "Flashcards" */;
			compatibilityVersion = "Xcode 13.0";
			developmentRegion = en;
			hasScannedForEncodings = 0;
			knownRegions = (
				en,
				Base,
			);
			mainGroup = A084E8D4285766580045414B;
			productRefGroup = A084E8E52857665A0045414B /* Products */;
			projectDirPath = "";
			projectRoot = "";
			targets = (
				A084E8E32857665A0045414B /* Flashcards (iOS) */,
				A084E8E92857665A0045414B /* Flashcards (macOS) */,
				A084E8F02857665A0045414B /* Tests iOS */,
				A084E8FC2857665A0045414B /* Tests macOS */,
			);
		};
/* End PBXProject section */

/* Begin PBXResourcesBuildPhase section */
		A084E8E22857665A0045414B /* Resources */ = {
			isa = PBXResourcesBuildPhase;
			buildActionMask = 2147483647;
			files = (
				A084E90D2857665A0045414B /* Assets.xcassets in Resources */,
			);
			runOnlyForDeploymentPostprocessing = 0;
		};
		A084E8E82857665A0045414B /* Resources */ = {
			isa = PBXResourcesBuildPhase;
			buildActionMask = 2147483647;
			files = (
				A084E90E2857665A0045414B /* Assets.xcassets in Resources */,
			);
			runOnlyForDeploymentPostprocessing = 0;
		};
		A084E8EF2857665A0045414B /* Resources */ = {
			isa = PBXResourcesBuildPhase;
			buildActionMask = 2147483647;
			files = (
			);
			runOnlyForDeploymentPostprocessing = 0;
		};
		A084E8FB2857665A0045414B /* Resources */ = {
			isa = PBXResourcesBuildPhase;
			buildActionMask = 2147483647;
			files = (
			);
			runOnlyForDeploymentPostprocessing = 0;
		};
/* End PBXResourcesBuildPhase section */

/* Begin PBXSourcesBuildPhase section */
		A084E8E02857665A0045414B /* Sources */ = {
			isa = PBXSourcesBuildPhase;
			buildActionMask = 2147483647;
			files = (
				D47CDB5A2861CB560073BEEF /* AddCardsPage.swift in Sources */,
				D41C685228608AF100FF0E78 /* Extensions.swift in Sources */,
				D410A9A1286097AD00C1E939 /* StartPage.swift in Sources */,
				A084E9072857665A0045414B /* FlashcardsApp.swift in Sources */,
				D4BE11472861EE6A00370EC5 /* DeckCard.swift in Sources */,
				A084E90B2857665A0045414B /* Persistence.swift in Sources */,
				D410A9A328609A7F00C1E939 /* Footer.swift in Sources */,
				A084E9052857665A0045414B /* Flashcards.xcdatamodeld in Sources */,
				A084E9092857665A0045414B /* ContentView.swift in Sources */,
				D4E7BF1D2861E26600EFFDBF /* DotsMenuButton.swift in Sources */,
				D47CDB5C2861CBF60073BEEF /* LearnCardsPage.swift in Sources */,
			);
			runOnlyForDeploymentPostprocessing = 0;
		};
		A084E8E62857665A0045414B /* Sources */ = {
			isa = PBXSourcesBuildPhase;
			buildActionMask = 2147483647;
			files = (
				D41C685328608AF100FF0E78 /* Extensions.swift in Sources */,
				A084E9082857665A0045414B /* FlashcardsApp.swift in Sources */,
				A084E90C2857665A0045414B /* Persistence.swift in Sources */,
				A084E9062857665A0045414B /* Flashcards.xcdatamodeld in Sources */,
				A084E90A2857665A0045414B /* ContentView.swift in Sources */,
			);
			runOnlyForDeploymentPostprocessing = 0;
		};
		A084E8ED2857665A0045414B /* Sources */ = {
			isa = PBXSourcesBuildPhase;
			buildActionMask = 2147483647;
			files = (
				A084E8F82857665A0045414B /* Tests_iOSLaunchTests.swift in Sources */,
				A084E8F62857665A0045414B /* Tests_iOS.swift in Sources */,
			);
			runOnlyForDeploymentPostprocessing = 0;
		};
		A084E8F92857665A0045414B /* Sources */ = {
			isa = PBXSourcesBuildPhase;
			buildActionMask = 2147483647;
			files = (
				A084E9042857665A0045414B /* Tests_macOSLaunchTests.swift in Sources */,
				A084E9022857665A0045414B /* Tests_macOS.swift in Sources */,
			);
			runOnlyForDeploymentPostprocessing = 0;
		};
/* End PBXSourcesBuildPhase section */

/* Begin PBXTargetDependency section */
		A084E8F32857665A0045414B /* PBXTargetDependency */ = {
			isa = PBXTargetDependency;
			target = A084E8E32857665A0045414B /* Flashcards (iOS) */;
			targetProxy = A084E8F22857665A0045414B /* PBXContainerItemProxy */;
		};
		A084E8FF2857665A0045414B /* PBXTargetDependency */ = {
			isa = PBXTargetDependency;
			target = A084E8E92857665A0045414B /* Flashcards (macOS) */;
			targetProxy = A084E8FE2857665A0045414B /* PBXContainerItemProxy */;
		};
/* End PBXTargetDependency section */

/* Begin XCBuildConfiguration section */
		A084E90F2857665A0045414B /* Debug */ = {
			isa = XCBuildConfiguration;
			buildSettings = {
				ALWAYS_SEARCH_USER_PATHS = NO;
				CLANG_ANALYZER_NONNULL = YES;
				CLANG_ANALYZER_NUMBER_OBJECT_CONVERSION = YES_AGGRESSIVE;
				CLANG_CXX_LANGUAGE_STANDARD = "gnu++17";
				CLANG_ENABLE_MODULES = YES;
				CLANG_ENABLE_OBJC_ARC = YES;
				CLANG_ENABLE_OBJC_WEAK = YES;
				CLANG_WARN_BLOCK_CAPTURE_AUTORELEASING = YES;
				CLANG_WARN_BOOL_CONVERSION = YES;
				CLANG_WARN_COMMA = YES;
				CLANG_WARN_CONSTANT_CONVERSION = YES;
				CLANG_WARN_DEPRECATED_OBJC_IMPLEMENTATIONS = YES;
				CLANG_WARN_DIRECT_OBJC_ISA_USAGE = YES_ERROR;
				CLANG_WARN_DOCUMENTATION_COMMENTS = YES;
				CLANG_WARN_EMPTY_BODY = YES;
				CLANG_WARN_ENUM_CONVERSION = YES;
				CLANG_WARN_INFINITE_RECURSION = YES;
				CLANG_WARN_INT_CONVERSION = YES;
				CLANG_WARN_NON_LITERAL_NULL_CONVERSION = YES;
				CLANG_WARN_OBJC_IMPLICIT_RETAIN_SELF = YES;
				CLANG_WARN_OBJC_LITERAL_CONVERSION = YES;
				CLANG_WARN_OBJC_ROOT_CLASS = YES_ERROR;
				CLANG_WARN_QUOTED_INCLUDE_IN_FRAMEWORK_HEADER = YES;
				CLANG_WARN_RANGE_LOOP_ANALYSIS = YES;
				CLANG_WARN_STRICT_PROTOTYPES = YES;
				CLANG_WARN_SUSPICIOUS_MOVE = YES;
				CLANG_WARN_UNGUARDED_AVAILABILITY = YES_AGGRESSIVE;
				CLANG_WARN_UNREACHABLE_CODE = YES;
				CLANG_WARN__DUPLICATE_METHOD_MATCH = YES;
				COPY_PHASE_STRIP = NO;
				DEBUG_INFORMATION_FORMAT = dwarf;
				ENABLE_STRICT_OBJC_MSGSEND = YES;
				ENABLE_TESTABILITY = YES;
				GCC_C_LANGUAGE_STANDARD = gnu11;
				GCC_DYNAMIC_NO_PIC = NO;
				GCC_NO_COMMON_BLOCKS = YES;
				GCC_OPTIMIZATION_LEVEL = 0;
				GCC_PREPROCESSOR_DEFINITIONS = (
					"DEBUG=1",
					"$(inherited)",
				);
				GCC_WARN_64_TO_32_BIT_CONVERSION = YES;
				GCC_WARN_ABOUT_RETURN_TYPE = YES_ERROR;
				GCC_WARN_UNDECLARED_SELECTOR = YES;
				GCC_WARN_UNINITIALIZED_AUTOS = YES_AGGRESSIVE;
				GCC_WARN_UNUSED_FUNCTION = YES;
				GCC_WARN_UNUSED_VARIABLE = YES;
				MTL_ENABLE_DEBUG_INFO = INCLUDE_SOURCE;
				MTL_FAST_MATH = YES;
				ONLY_ACTIVE_ARCH = YES;
				SWIFT_ACTIVE_COMPILATION_CONDITIONS = DEBUG;
				SWIFT_OPTIMIZATION_LEVEL = "-Onone";
			};
			name = Debug;
		};
		A084E9102857665A0045414B /* Release */ = {
			isa = XCBuildConfiguration;
			buildSettings = {
				ALWAYS_SEARCH_USER_PATHS = NO;
				CLANG_ANALYZER_NONNULL = YES;
				CLANG_ANALYZER_NUMBER_OBJECT_CONVERSION = YES_AGGRESSIVE;
				CLANG_CXX_LANGUAGE_STANDARD = "gnu++17";
				CLANG_ENABLE_MODULES = YES;
				CLANG_ENABLE_OBJC_ARC = YES;
				CLANG_ENABLE_OBJC_WEAK = YES;
				CLANG_WARN_BLOCK_CAPTURE_AUTORELEASING = YES;
				CLANG_WARN_BOOL_CONVERSION = YES;
				CLANG_WARN_COMMA = YES;
				CLANG_WARN_CONSTANT_CONVERSION = YES;
				CLANG_WARN_DEPRECATED_OBJC_IMPLEMENTATIONS = YES;
				CLANG_WARN_DIRECT_OBJC_ISA_USAGE = YES_ERROR;
				CLANG_WARN_DOCUMENTATION_COMMENTS = YES;
				CLANG_WARN_EMPTY_BODY = YES;
				CLANG_WARN_ENUM_CONVERSION = YES;
				CLANG_WARN_INFINITE_RECURSION = YES;
				CLANG_WARN_INT_CONVERSION = YES;
				CLANG_WARN_NON_LITERAL_NULL_CONVERSION = YES;
				CLANG_WARN_OBJC_IMPLICIT_RETAIN_SELF = YES;
				CLANG_WARN_OBJC_LITERAL_CONVERSION = YES;
				CLANG_WARN_OBJC_ROOT_CLASS = YES_ERROR;
				CLANG_WARN_QUOTED_INCLUDE_IN_FRAMEWORK_HEADER = YES;
				CLANG_WARN_RANGE_LOOP_ANALYSIS = YES;
				CLANG_WARN_STRICT_PROTOTYPES = YES;
				CLANG_WARN_SUSPICIOUS_MOVE = YES;
				CLANG_WARN_UNGUARDED_AVAILABILITY = YES_AGGRESSIVE;
				CLANG_WARN_UNREACHABLE_CODE = YES;
				CLANG_WARN__DUPLICATE_METHOD_MATCH = YES;
				COPY_PHASE_STRIP = NO;
				DEBUG_INFORMATION_FORMAT = "dwarf-with-dsym";
				ENABLE_NS_ASSERTIONS = NO;
				ENABLE_STRICT_OBJC_MSGSEND = YES;
				GCC_C_LANGUAGE_STANDARD = gnu11;
				GCC_NO_COMMON_BLOCKS = YES;
				GCC_WARN_64_TO_32_BIT_CONVERSION = YES;
				GCC_WARN_ABOUT_RETURN_TYPE = YES_ERROR;
				GCC_WARN_UNDECLARED_SELECTOR = YES;
				GCC_WARN_UNINITIALIZED_AUTOS = YES_AGGRESSIVE;
				GCC_WARN_UNUSED_FUNCTION = YES;
				GCC_WARN_UNUSED_VARIABLE = YES;
				MTL_ENABLE_DEBUG_INFO = NO;
				MTL_FAST_MATH = YES;
				SWIFT_COMPILATION_MODE = wholemodule;
				SWIFT_OPTIMIZATION_LEVEL = "-O";
			};
			name = Release;
		};
		A084E9122857665A0045414B /* Debug */ = {
			isa = XCBuildConfiguration;
			buildSettings = {
				ASSETCATALOG_COMPILER_APPICON_NAME = AppIcon;
				ASSETCATALOG_COMPILER_GLOBAL_ACCENT_COLOR_NAME = AccentColor;
				CODE_SIGN_STYLE = Automatic;
				CURRENT_PROJECT_VERSION = 1;
				DEVELOPMENT_TEAM = R84X2QSH2K;
				ENABLE_PREVIEWS = YES;
				GENERATE_INFOPLIST_FILE = YES;
				INFOPLIST_KEY_UIApplicationSceneManifest_Generation = YES;
				INFOPLIST_KEY_UIApplicationSupportsIndirectInputEvents = YES;
				INFOPLIST_KEY_UILaunchScreen_Generation = YES;
				INFOPLIST_KEY_UISupportedInterfaceOrientations_iPad = "UIInterfaceOrientationPortrait UIInterfaceOrientationPortraitUpsideDown UIInterfaceOrientationLandscapeLeft UIInterfaceOrientationLandscapeRight";
				INFOPLIST_KEY_UISupportedInterfaceOrientations_iPhone = "UIInterfaceOrientationPortrait UIInterfaceOrientationLandscapeLeft UIInterfaceOrientationLandscapeRight";
				IPHONEOS_DEPLOYMENT_TARGET = 15.4;
				LD_RUNPATH_SEARCH_PATHS = (
					"$(inherited)",
					"@executable_path/Frameworks",
				);
				MARKETING_VERSION = 1.0;
				PRODUCT_BUNDLE_IDENTIFIER = Swift.Flashcards;
				PRODUCT_NAME = Flashcards;
				SDKROOT = iphoneos;
				SWIFT_EMIT_LOC_STRINGS = YES;
				SWIFT_VERSION = 5.0;
				TARGETED_DEVICE_FAMILY = "1,2";
			};
			name = Debug;
		};
		A084E9132857665A0045414B /* Release */ = {
			isa = XCBuildConfiguration;
			buildSettings = {
				ASSETCATALOG_COMPILER_APPICON_NAME = AppIcon;
				ASSETCATALOG_COMPILER_GLOBAL_ACCENT_COLOR_NAME = AccentColor;
				CODE_SIGN_STYLE = Automatic;
				CURRENT_PROJECT_VERSION = 1;
				DEVELOPMENT_TEAM = R84X2QSH2K;
				ENABLE_PREVIEWS = YES;
				GENERATE_INFOPLIST_FILE = YES;
				INFOPLIST_KEY_UIApplicationSceneManifest_Generation = YES;
				INFOPLIST_KEY_UIApplicationSupportsIndirectInputEvents = YES;
				INFOPLIST_KEY_UILaunchScreen_Generation = YES;
				INFOPLIST_KEY_UISupportedInterfaceOrientations_iPad = "UIInterfaceOrientationPortrait UIInterfaceOrientationPortraitUpsideDown UIInterfaceOrientationLandscapeLeft UIInterfaceOrientationLandscapeRight";
				INFOPLIST_KEY_UISupportedInterfaceOrientations_iPhone = "UIInterfaceOrientationPortrait UIInterfaceOrientationLandscapeLeft UIInterfaceOrientationLandscapeRight";
				IPHONEOS_DEPLOYMENT_TARGET = 15.4;
				LD_RUNPATH_SEARCH_PATHS = (
					"$(inherited)",
					"@executable_path/Frameworks",
				);
				MARKETING_VERSION = 1.0;
				PRODUCT_BUNDLE_IDENTIFIER = Swift.Flashcards;
				PRODUCT_NAME = Flashcards;
				SDKROOT = iphoneos;
				SWIFT_EMIT_LOC_STRINGS = YES;
				SWIFT_VERSION = 5.0;
				TARGETED_DEVICE_FAMILY = "1,2";
				VALIDATE_PRODUCT = YES;
			};
			name = Release;
		};
		A084E9152857665A0045414B /* Debug */ = {
			isa = XCBuildConfiguration;
			buildSettings = {
				ASSETCATALOG_COMPILER_APPICON_NAME = AppIcon;
				ASSETCATALOG_COMPILER_GLOBAL_ACCENT_COLOR_NAME = AccentColor;
				CODE_SIGN_ENTITLEMENTS = macOS/macOS.entitlements;
				CODE_SIGN_STYLE = Automatic;
				COMBINE_HIDPI_IMAGES = YES;
				CURRENT_PROJECT_VERSION = 1;
				DEVELOPMENT_TEAM = R84X2QSH2K;
				ENABLE_HARDENED_RUNTIME = YES;
				ENABLE_PREVIEWS = YES;
				GENERATE_INFOPLIST_FILE = YES;
				INFOPLIST_KEY_NSHumanReadableCopyright = "";
				LD_RUNPATH_SEARCH_PATHS = (
					"$(inherited)",
					"@executable_path/../Frameworks",
				);
				MACOSX_DEPLOYMENT_TARGET = 12.0;
				MARKETING_VERSION = 1.0;
				PRODUCT_BUNDLE_IDENTIFIER = Swift.Flashcards;
				PRODUCT_NAME = Flashcards;
				SDKROOT = macosx;
				SWIFT_EMIT_LOC_STRINGS = YES;
				SWIFT_VERSION = 5.0;
			};
			name = Debug;
		};
		A084E9162857665A0045414B /* Release */ = {
			isa = XCBuildConfiguration;
			buildSettings = {
				ASSETCATALOG_COMPILER_APPICON_NAME = AppIcon;
				ASSETCATALOG_COMPILER_GLOBAL_ACCENT_COLOR_NAME = AccentColor;
				CODE_SIGN_ENTITLEMENTS = macOS/macOS.entitlements;
				CODE_SIGN_STYLE = Automatic;
				COMBINE_HIDPI_IMAGES = YES;
				CURRENT_PROJECT_VERSION = 1;
				DEVELOPMENT_TEAM = R84X2QSH2K;
				ENABLE_HARDENED_RUNTIME = YES;
				ENABLE_PREVIEWS = YES;
				GENERATE_INFOPLIST_FILE = YES;
				INFOPLIST_KEY_NSHumanReadableCopyright = "";
				LD_RUNPATH_SEARCH_PATHS = (
					"$(inherited)",
					"@executable_path/../Frameworks",
				);
				MACOSX_DEPLOYMENT_TARGET = 12.0;
				MARKETING_VERSION = 1.0;
				PRODUCT_BUNDLE_IDENTIFIER = Swift.Flashcards;
				PRODUCT_NAME = Flashcards;
				SDKROOT = macosx;
				SWIFT_EMIT_LOC_STRINGS = YES;
				SWIFT_VERSION = 5.0;
			};
			name = Release;
		};
		A084E9182857665A0045414B /* Debug */ = {
			isa = XCBuildConfiguration;
			buildSettings = {
				ALWAYS_EMBED_SWIFT_STANDARD_LIBRARIES = YES;
				CODE_SIGN_STYLE = Automatic;
				CURRENT_PROJECT_VERSION = 1;
				DEVELOPMENT_TEAM = R84X2QSH2K;
				GENERATE_INFOPLIST_FILE = YES;
				IPHONEOS_DEPLOYMENT_TARGET = 15.4;
				MARKETING_VERSION = 1.0;
				PRODUCT_BUNDLE_IDENTIFIER = "Swift.Tests-iOS";
				PRODUCT_NAME = "$(TARGET_NAME)";
				SDKROOT = iphoneos;
				SWIFT_EMIT_LOC_STRINGS = NO;
				SWIFT_VERSION = 5.0;
				TARGETED_DEVICE_FAMILY = "1,2";
				TEST_TARGET_NAME = "Flashcards (iOS)";
			};
			name = Debug;
		};
		A084E9192857665A0045414B /* Release */ = {
			isa = XCBuildConfiguration;
			buildSettings = {
				ALWAYS_EMBED_SWIFT_STANDARD_LIBRARIES = YES;
				CODE_SIGN_STYLE = Automatic;
				CURRENT_PROJECT_VERSION = 1;
				DEVELOPMENT_TEAM = R84X2QSH2K;
				GENERATE_INFOPLIST_FILE = YES;
				IPHONEOS_DEPLOYMENT_TARGET = 15.4;
				MARKETING_VERSION = 1.0;
				PRODUCT_BUNDLE_IDENTIFIER = "Swift.Tests-iOS";
				PRODUCT_NAME = "$(TARGET_NAME)";
				SDKROOT = iphoneos;
				SWIFT_EMIT_LOC_STRINGS = NO;
				SWIFT_VERSION = 5.0;
				TARGETED_DEVICE_FAMILY = "1,2";
				TEST_TARGET_NAME = "Flashcards (iOS)";
				VALIDATE_PRODUCT = YES;
			};
			name = Release;
		};
		A084E91B2857665A0045414B /* Debug */ = {
			isa = XCBuildConfiguration;
			buildSettings = {
				ALWAYS_EMBED_SWIFT_STANDARD_LIBRARIES = YES;
				CODE_SIGN_STYLE = Automatic;
				CURRENT_PROJECT_VERSION = 1;
				DEVELOPMENT_TEAM = 38GU796C59;
				GENERATE_INFOPLIST_FILE = YES;
				MACOSX_DEPLOYMENT_TARGET = 12.0;
				MARKETING_VERSION = 1.0;
				PRODUCT_BUNDLE_IDENTIFIER = "Swift.Tests-macOS";
				PRODUCT_NAME = "$(TARGET_NAME)";
				SDKROOT = macosx;
				SWIFT_EMIT_LOC_STRINGS = NO;
				SWIFT_VERSION = 5.0;
				TEST_TARGET_NAME = "Flashcards (macOS)";
			};
			name = Debug;
		};
		A084E91C2857665A0045414B /* Release */ = {
			isa = XCBuildConfiguration;
			buildSettings = {
				ALWAYS_EMBED_SWIFT_STANDARD_LIBRARIES = YES;
				CODE_SIGN_STYLE = Automatic;
				CURRENT_PROJECT_VERSION = 1;
				DEVELOPMENT_TEAM = 38GU796C59;
				GENERATE_INFOPLIST_FILE = YES;
				MACOSX_DEPLOYMENT_TARGET = 12.0;
				MARKETING_VERSION = 1.0;
				PRODUCT_BUNDLE_IDENTIFIER = "Swift.Tests-macOS";
				PRODUCT_NAME = "$(TARGET_NAME)";
				SDKROOT = macosx;
				SWIFT_EMIT_LOC_STRINGS = NO;
				SWIFT_VERSION = 5.0;
				TEST_TARGET_NAME = "Flashcards (macOS)";
			};
			name = Release;
		};
/* End XCBuildConfiguration section */

/* Begin XCConfigurationList section */
		A084E8D8285766580045414B /* Build configuration list for PBXProject "Flashcards" */ = {
			isa = XCConfigurationList;
			buildConfigurations = (
				A084E90F2857665A0045414B /* Debug */,
				A084E9102857665A0045414B /* Release */,
			);
			defaultConfigurationIsVisible = 0;
			defaultConfigurationName = Release;
		};
		A084E9112857665A0045414B /* Build configuration list for PBXNativeTarget "Flashcards (iOS)" */ = {
			isa = XCConfigurationList;
			buildConfigurations = (
				A084E9122857665A0045414B /* Debug */,
				A084E9132857665A0045414B /* Release */,
			);
			defaultConfigurationIsVisible = 0;
			defaultConfigurationName = Release;
		};
		A084E9142857665A0045414B /* Build configuration list for PBXNativeTarget "Flashcards (macOS)" */ = {
			isa = XCConfigurationList;
			buildConfigurations = (
				A084E9152857665A0045414B /* Debug */,
				A084E9162857665A0045414B /* Release */,
			);
			defaultConfigurationIsVisible = 0;
			defaultConfigurationName = Release;
		};
		A084E9172857665A0045414B /* Build configuration list for PBXNativeTarget "Tests iOS" */ = {
			isa = XCConfigurationList;
			buildConfigurations = (
				A084E9182857665A0045414B /* Debug */,
				A084E9192857665A0045414B /* Release */,
			);
			defaultConfigurationIsVisible = 0;
			defaultConfigurationName = Release;
		};
		A084E91A2857665A0045414B /* Build configuration list for PBXNativeTarget "Tests macOS" */ = {
			isa = XCConfigurationList;
			buildConfigurations = (
				A084E91B2857665A0045414B /* Debug */,
				A084E91C2857665A0045414B /* Release */,
			);
			defaultConfigurationIsVisible = 0;
			defaultConfigurationName = Release;
		};
/* End XCConfigurationList section */

/* Begin XCVersionGroup section */
		A084E8DA285766580045414B /* Flashcards.xcdatamodeld */ = {
			isa = XCVersionGroup;
			children = (
				A084E8DB285766580045414B /* Shared.xcdatamodel */,
			);
			currentVersion = A084E8DB285766580045414B /* Shared.xcdatamodel */;
			path = Flashcards.xcdatamodeld;
			sourceTree = "<group>";
			versionGroupType = wrapper.xcdatamodel;
		};
/* End XCVersionGroup section */
	};
	rootObject = A084E8D5285766580045414B /* Project object */;
}
